{
  "originHash" : "8ec06712c0448f5a099c0aeb1864dc5c3a30c5788ddf974a5208dace50e4183b",
  "pins" : [
    {
      "identity" : "capacitor-swift-pm",
      "kind" : "remoteSourceControl",
      "location" : "https://github.com/ionic-team/capacitor-swift-pm.git",
      "state" : {
        "revision" : "1f324fe7bdbdc8c5cc28bea48a231545a8c2e823",
        "version" : "8.1.0"
      }
    }
  ],
  "version" : 3
}
